
Microsoft Visual Studio Solution File, Format Version 12.00
# Visual Studio 15
VisualStudioVersion = 15.0.28307.852
MinimumVisualStudioVersion = 10.0.40219.1
Project("{9092AA53-FB77-4645-B42D-1CCCA6BD08BD}") = "ExpressApp3", "ExpressApp3\ExpressApp3.njsproj", "{37A9D0A9-D92A-47F7-A3ED-4FCAA569DEB8}"
EndProject
Global
	GlobalSection(SolutionConfigurationPlatforms) = preSolution
		Debug|Any CPU = Debug|Any CPU
		Release|Any CPU = Release|Any CPU
	EndGlobalSection
	GlobalSection(ProjectConfigurationPlatforms) = postSolution
		{37A9D0A9-D92A-47F7-A3ED-4FCAA569DEB8}.Debug|Any CPU.ActiveCfg = Debug|Any CPU
		{37A9D0A9-D92A-47F7-A3ED-4FCAA569DEB8}.Debug|Any CPU.Build.0 = Debug|Any CPU
		{37A9D0A9-D92A-47F7-A3ED-4FCAA569DEB8}.Release|Any CPU.ActiveCfg = Release|Any CPU
		{37A9D0A9-D92A-47F7-A3ED-4FCAA569DEB8}.Release|Any CPU.Build.0 = Release|Any CPU
	EndGlobalSection
	GlobalSection(SolutionProperties) = preSolution
		HideSolutionNode = FALSE
	EndGlobalSection
	GlobalSection(ExtensibilityGlobals) = postSolution
		SolutionGuid = {B062A968-D8A9-46C5-A9E7-F58F44B595EB}
	EndGlobalSection
EndGlobal
